
Microsoft Visual Studio Solution File, Format Version 12.00
# Visual Studio Version 16
VisualStudioVersion = 16.0.30114.105
MinimumVisualStudioVersion = 10.0.40219.1
Project("{FAE04EC0-301F-11D3-BF4B-00C04F79EFBC}") = "split-it", "src\split-it.csproj", "{3AC471D7-24F4-40F2-BD8B-01068EA05915}"
EndProject
Project("{FAE04EC0-301F-11D3-BF4B-00C04F79EFBC}") = "tests", "tests\tests.csproj", "{CEBE5FDB-63B9-4AF5-A3A3-EAFB3032A58B}"
EndProject
Project("{FAE04EC0-301F-11D3-BF4B-00C04F79EFBC}") = "seeder", "seeder\seeder.csproj", "{B17C84BD-BBEA-4555-8F28-9313328E952A}"
EndProject
Global
	GlobalSection(SolutionConfigurationPlatforms) = preSolution
		Debug|Any CPU = Debug|Any CPU
		Debug|x64 = Debug|x64
		Debug|x86 = Debug|x86
		Release|Any CPU = Release|Any CPU
		Release|x64 = Release|x64
		Release|x86 = Release|x86
	EndGlobalSection
	GlobalSection(SolutionProperties) = preSolution
		HideSolutionNode = FALSE
	EndGlobalSection
	GlobalSection(ProjectConfigurationPlatforms) = postSolution
		{3AC471D7-24F4-40F2-BD8B-01068EA05915}.Debug|Any CPU.ActiveCfg = Debug|Any CPU
		{3AC471D7-24F4-40F2-BD8B-01068EA05915}.Debug|Any CPU.Build.0 = Debug|Any CPU
		{3AC471D7-24F4-40F2-BD8B-01068EA05915}.Debug|x64.ActiveCfg = Debug|Any CPU
		{3AC471D7-24F4-40F2-BD8B-01068EA05915}.Debug|x64.Build.0 = Debug|Any CPU
		{3AC471D7-24F4-40F2-BD8B-01068EA05915}.Debug|x86.ActiveCfg = Debug|Any CPU
		{3AC471D7-24F4-40F2-BD8B-01068EA05915}.Debug|x86.Build.0 = Debug|Any CPU
		{3AC471D7-24F4-40F2-BD8B-01068EA05915}.Release|Any CPU.ActiveCfg = Release|Any CPU
		{3AC471D7-24F4-40F2-BD8B-01068EA05915}.Release|Any CPU.Build.0 = Release|Any CPU
		{3AC471D7-24F4-40F2-BD8B-01068EA05915}.Release|x64.ActiveCfg = Release|Any CPU
		{3AC471D7-24F4-40F2-BD8B-01068EA05915}.Release|x64.Build.0 = Release|Any CPU
		{3AC471D7-24F4-40F2-BD8B-01068EA05915}.Release|x86.ActiveCfg = Release|Any CPU
		{3AC471D7-24F4-40F2-BD8B-01068EA05915}.Release|x86.Build.0 = Release|Any CPU
		{CEBE5FDB-63B9-4AF5-A3A3-EAFB3032A58B}.Debug|Any CPU.ActiveCfg = Debug|Any CPU
		{CEBE5FDB-63B9-4AF5-A3A3-EAFB3032A58B}.Debug|Any CPU.Build.0 = Debug|Any CPU
		{CEBE5FDB-63B9-4AF5-A3A3-EAFB3032A58B}.Debug|x64.ActiveCfg = Debug|Any CPU
		{CEBE5FDB-63B9-4AF5-A3A3-EAFB3032A58B}.Debug|x64.Build.0 = Debug|Any CPU
		{CEBE5FDB-63B9-4AF5-A3A3-EAFB3032A58B}.Debug|x86.ActiveCfg = Debug|Any CPU
		{CEBE5FDB-63B9-4AF5-A3A3-EAFB3032A58B}.Debug|x86.Build.0 = Debug|Any CPU
		{CEBE5FDB-63B9-4AF5-A3A3-EAFB3032A58B}.Release|Any CPU.ActiveCfg = Release|Any CPU
		{CEBE5FDB-63B9-4AF5-A3A3-EAFB3032A58B}.Release|Any CPU.Build.0 = Release|Any CPU
		{CEBE5FDB-63B9-4AF5-A3A3-EAFB3032A58B}.Release|x64.ActiveCfg = Release|Any CPU
		{CEBE5FDB-63B9-4AF5-A3A3-EAFB3032A58B}.Release|x64.Build.0 = Release|Any CPU
		{CEBE5FDB-63B9-4AF5-A3A3-EAFB3032A58B}.Release|x86.ActiveCfg = Release|Any CPU
		{CEBE5FDB-63B9-4AF5-A3A3-EAFB3032A58B}.Release|x86.Build.0 = Release|Any CPU
		{B17C84BD-BBEA-4555-8F28-9313328E952A}.Debug|Any CPU.ActiveCfg = Debug|Any CPU
		{B17C84BD-BBEA-4555-8F28-9313328E952A}.Debug|Any CPU.Build.0 = Debug|Any CPU
		{B17C84BD-BBEA-4555-8F28-9313328E952A}.Debug|x64.ActiveCfg = Debug|Any CPU
		{B17C84BD-BBEA-4555-8F28-9313328E952A}.Debug|x64.Build.0 = Debug|Any CPU
		{B17C84BD-BBEA-4555-8F28-9313328E952A}.Debug|x86.ActiveCfg = Debug|Any CPU
		{B17C84BD-BBEA-4555-8F28-9313328E952A}.Debug|x86.Build.0 = Debug|Any CPU
		{B17C84BD-BBEA-4555-8F28-9313328E952A}.Release|Any CPU.ActiveCfg = Release|Any CPU
		{B17C84BD-BBEA-4555-8F28-9313328E952A}.Release|Any CPU.Build.0 = Release|Any CPU
		{B17C84BD-BBEA-4555-8F28-9313328E952A}.Release|x64.ActiveCfg = Release|Any CPU
		{B17C84BD-BBEA-4555-8F28-9313328E952A}.Release|x64.Build.0 = Release|Any CPU
		{B17C84BD-BBEA-4555-8F28-9313328E952A}.Release|x86.ActiveCfg = Release|Any CPU
		{B17C84BD-BBEA-4555-8F28-9313328E952A}.Release|x86.Build.0 = Release|Any CPU
	EndGlobalSection
EndGlobal
